// !$*UTF8*$!
{
	archiveVersion = 1;
	classes = {
	};
	objectVersion = 46;
	objects = {

/* Begin PBXBuildFile section */
		6E10FCAB1BEE81BF008D4AEE /* main.m in Sources */ = {isa = PBXBuildFile; fileRef = 6E10FCAA1BEE81BF008D4AEE /* main.m */; };
		6E10FCB61BEE81BF008D4AEE /* Assets.xcassets in Resources */ = {isa = PBXBuildFile; fileRef = 6E10FCB51BEE81BF008D4AEE /* Assets.xcassets */; };
		6E10FCB91BEE81BF008D4AEE /* LaunchScreen.storyboard in Resources */ = {isa = PBXBuildFile; fileRef = 6E10FCB71BEE81BF008D4AEE /* LaunchScreen.storyboard */; };
		6EDDE4C61BEEA3CE003FA9DC /* AppDelegate.m in Sources */ = {isa = PBXBuildFile; fileRef = 6EDDE4BF1BEEA3CE003FA9DC /* AppDelegate.m */; settings = {ASSET_TAGS = (); }; };
		6EDDE4C71BEEA3CE003FA9DC /* BootLogic.m in Sources */ = {isa = PBXBuildFile; fileRef = 6EDDE4C11BEEA3CE003FA9DC /* BootLogic.m */; settings = {ASSET_TAGS = (); }; };
		6EDDE4C81BEEA3CE003FA9DC /* ConsoleScreen.m in Sources */ = {isa = PBXBuildFile; fileRef = 6EDDE4C31BEEA3CE003FA9DC /* ConsoleScreen.m */; settings = {ASSET_TAGS = (); }; };
		6EDDE4C91BEEA3CE003FA9DC /* MainScreen.m in Sources */ = {isa = PBXBuildFile; fileRef = 6EDDE4C51BEEA3CE003FA9DC /* MainScreen.m */; settings = {ASSET_TAGS = (); }; };
		6EDF09711BF1695700A1AB0A /* DemoSelector.m in Sources */ = {isa = PBXBuildFile; fileRef = 6EDF096F1BF1695700A1AB0A /* DemoSelector.m */; settings = {ASSET_TAGS = (); }; };
		6EDF09721BF1695700A1AB0A /* DemoSelector.xib in Resources */ = {isa = PBXBuildFile; fileRef = 6EDF09701BF1695700A1AB0A /* DemoSelector.xib */; settings = {ASSET_TAGS = (); }; };
		6EF2267F1BF14AFD00FCF78A /* DemoFunction.m in Sources */ = {isa = PBXBuildFile; fileRef = 6EF2267E1BF14AFD00FCF78A /* DemoFunction.m */; settings = {ASSET_TAGS = (); }; };
/* End PBXBuildFile section */

/* Begin PBXFileReference section */
		6E10FCA61BEE81BF008D4AEE /* OBJCExamples.app */ = {isa = PBXFileReference; explicitFileType = wrapper.application; includeInIndex = 0; path = OBJCExamples.app; sourceTree = BUILT_PRODUCTS_DIR; };
		6E10FCAA1BEE81BF008D4AEE /* main.m */ = {isa = PBXFileReference; lastKnownFileType = sourcecode.c.objc; path = main.m; sourceTree = "<group>"; };
		6E10FCB51BEE81BF008D4AEE /* Assets.xcassets */ = {isa = PBXFileReference; lastKnownFileType = folder.assetcatalog; path = Assets.xcassets; sourceTree = "<group>"; };
		6E10FCB81BEE81BF008D4AEE /* Base */ = {isa = PBXFileReference; lastKnownFileType = file.storyboard; name = Base; path = Base.lproj/LaunchScreen.storyboard; sourceTree = "<group>"; };
		6E10FCBA1BEE81BF008D4AEE /* Info.plist */ = {isa = PBXFileReference; lastKnownFileType = text.plist.xml; path = Info.plist; sourceTree = "<group>"; };
		6EDDE4BE1BEEA3CE003FA9DC /* AppDelegate.h */ = {isa = PBXFileReference; fileEncoding = 4; lastKnownFileType = sourcecode.c.h; path = AppDelegate.h; sourceTree = "<group>"; };
		6EDDE4BF1BEEA3CE003FA9DC /* AppDelegate.m */ = {isa = PBXFileReference; fileEncoding = 4; lastKnownFileType = sourcecode.c.objc; path = AppDelegate.m; sourceTree = "<group>"; };
		6EDDE4C01BEEA3CE003FA9DC /* BootLogic.h */ = {isa = PBXFileReference; fileEncoding = 4; lastKnownFileType = sourcecode.c.h; path = BootLogic.h; sourceTree = "<group>"; };
		6EDDE4C11BEEA3CE003FA9DC /* BootLogic.m */ = {isa = PBXFileReference; fileEncoding = 4; lastKnownFileType = sourcecode.c.objc; path = BootLogic.m; sourceTree = "<group>"; };
		6EDDE4C21BEEA3CE003FA9DC /* ConsoleScreen.h */ = {isa = PBXFileReference; fileEncoding = 4; lastKnownFileType = sourcecode.c.h; path = ConsoleScreen.h; sourceTree = "<group>"; };
		6EDDE4C31BEEA3CE003FA9DC /* ConsoleScreen.m */ = {isa = PBXFileReference; fileEncoding = 4; lastKnownFileType = sourcecode.c.objc; path = ConsoleScreen.m; sourceTree = "<group>"; };
		6EDDE4C41BEEA3CE003FA9DC /* MainScreen.h */ = {isa = PBXFileReference; fileEncoding = 4; lastKnownFileType = sourcecode.c.h; path = MainScreen.h; sourceTree = "<group>"; };
		6EDDE4C51BEEA3CE003FA9DC /* MainScreen.m */ = {isa = PBXFileReference; fileEncoding = 4; lastKnownFileType = sourcecode.c.objc; path = MainScreen.m; sourceTree = "<group>"; };
		6EDF096E1BF1695700A1AB0A /* DemoSelector.h */ = {isa = PBXFileReference; fileEncoding = 4; lastKnownFileType = sourcecode.c.h; path = DemoSelector.h; sourceTree = "<group>"; };
		6EDF096F1BF1695700A1AB0A /* DemoSelector.m */ = {isa = PBXFileReference; fileEncoding = 4; lastKnownFileType = sourcecode.c.objc; path = DemoSelector.m; sourceTree = "<group>"; };
		6EDF09701BF1695700A1AB0A /* DemoSelector.xib */ = {isa = PBXFileReference; fileEncoding = 4; lastKnownFileType = file.xib; path = DemoSelector.xib; sourceTree = "<group>"; };
		6EF2267D1BF14AFD00FCF78A /* DemoFunction.h */ = {isa = PBXFileReference; fileEncoding = 4; lastKnownFileType = sourcecode.c.h; path = DemoFunction.h; sourceTree = "<group>"; };
		6EF2267E1BF14AFD00FCF78A /* DemoFunction.m */ = {isa = PBXFileReference; fileEncoding = 4; lastKnownFileType = sourcecode.c.objc; path = DemoFunction.m; sourceTree = "<group>"; };
/* End PBXFileReference section */

/* Begin PBXFrameworksBuildPhase section */
		6E10FCA31BEE81BF008D4AEE /* Frameworks */ = {
			isa = PBXFrameworksBuildPhase;
			buildActionMask = 2147483647;
			files = (
			);
			runOnlyForDeploymentPostprocessing = 0;
		};
/* End PBXFrameworksBuildPhase section */

/* Begin PBXGroup section */
		6E10FC9D1BEE81BF008D4AEE = {
			isa = PBXGroup;
			children = (
				6E10FCA81BEE81BF008D4AEE /* OBJCExamples */,
				6E10FCA71BEE81BF008D4AEE /* Products */,
			);
			sourceTree = "<group>";
		};
		6E10FCA71BEE81BF008D4AEE /* Products */ = {
			isa = PBXGroup;
			children = (
				6E10FCA61BEE81BF008D4AEE /* OBJCExamples.app */,
			);
			name = Products;
			sourceTree = "<group>";
		};
		6E10FCA81BEE81BF008D4AEE /* OBJCExamples */ = {
			isa = PBXGroup;
			children = (
				6EDDE4BB1BEEA32A003FA9DC /* core */,
				6EF2267C1BF14AA500FCF78A /* Basic */,
				6E10FCB51BEE81BF008D4AEE /* Assets.xcassets */,
				6E10FCB71BEE81BF008D4AEE /* LaunchScreen.storyboard */,
				6E10FCBA1BEE81BF008D4AEE /* Info.plist */,
				6E10FCA91BEE81BF008D4AEE /* Supporting Files */,
			);
			path = OBJCExamples;
			sourceTree = "<group>";
		};
		6E10FCA91BEE81BF008D4AEE /* Supporting Files */ = {
			isa = PBXGroup;
			children = (
				6E10FCAA1BEE81BF008D4AEE /* main.m */,
			);
			name = "Supporting Files";
			sourceTree = "<group>";
		};
		6EDDE4BB1BEEA32A003FA9DC /* core */ = {
			isa = PBXGroup;
			children = (
				6EDDE4BE1BEEA3CE003FA9DC /* AppDelegate.h */,
				6EDDE4BF1BEEA3CE003FA9DC /* AppDelegate.m */,
				6EDDE4C01BEEA3CE003FA9DC /* BootLogic.h */,
				6EDDE4C11BEEA3CE003FA9DC /* BootLogic.m */,
				6EDDE4C21BEEA3CE003FA9DC /* ConsoleScreen.h */,
				6EDDE4C31BEEA3CE003FA9DC /* ConsoleScreen.m */,
				6EDDE4C41BEEA3CE003FA9DC /* MainScreen.h */,
				6EDDE4C51BEEA3CE003FA9DC /* MainScreen.m */,
			);
			name = core;
			sourceTree = "<group>";
		};
		6EF2267C1BF14AA500FCF78A /* Basic */ = {
			isa = PBXGroup;
			children = (
				6EF2267D1BF14AFD00FCF78A /* DemoFunction.h */,
				6EF2267E1BF14AFD00FCF78A /* DemoFunction.m */,
				6EDF096E1BF1695700A1AB0A /* DemoSelector.h */,
				6EDF096F1BF1695700A1AB0A /* DemoSelector.m */,
				6EDF09701BF1695700A1AB0A /* DemoSelector.xib */,
			);
			name = Basic;
			sourceTree = "<group>";
		};
/* End PBXGroup section */

/* Begin PBXNativeTarget section */
		6E10FCA51BEE81BF008D4AEE /* OBJCExamples */ = {
			isa = PBXNativeTarget;
			buildConfigurationList = 6E10FCD31BEE81BF008D4AEE /* Build configuration list for PBXNativeTarget "OBJCExamples" */;
			buildPhases = (
				6E10FCA21BEE81BF008D4AEE /* Sources */,
				6E10FCA31BEE81BF008D4AEE /* Frameworks */,
				6E10FCA41BEE81BF008D4AEE /* Resources */,
			);
			buildRules = (
			);
			dependencies = (
			);
			name = OBJCExamples;
			productName = OBJCExamples;
			productReference = 6E10FCA61BEE81BF008D4AEE /* OBJCExamples.app */;
			productType = "com.apple.product-type.application";
		};
/* End PBXNativeTarget section */

/* Begin PBXProject section */
		6E10FC9E1BEE81BF008D4AEE /* Project object */ = {
			isa = PBXProject;
			attributes = {
				LastUpgradeCheck = 0700;
				ORGANIZATIONNAME = tuanvu;
				TargetAttributes = {
					6E10FCA51BEE81BF008D4AEE = {
						CreatedOnToolsVersion = 7.0;
					};
				};
			};
			buildConfigurationList = 6E10FCA11BEE81BF008D4AEE /* Build configuration list for PBXProject "OBJCExamples" */;
			compatibilityVersion = "Xcode 3.2";
			developmentRegion = English;
			hasScannedForEncodings = 0;
			knownRegions = (
				en,
				Base,
			);
			mainGroup = 6E10FC9D1BEE81BF008D4AEE;
			productRefGroup = 6E10FCA71BEE81BF008D4AEE /* Products */;
			projectDirPath = "";
			projectRoot = "";
			targets = (
				6E10FCA51BEE81BF008D4AEE /* OBJCExamples */,
			);
		};
/* End PBXProject section */

/* Begin PBXResourcesBuildPhase section */
		6E10FCA41BEE81BF008D4AEE /* Resources */ = {
			isa = PBXResourcesBuildPhase;
			buildActionMask = 2147483647;
			files = (
				6E10FCB91BEE81BF008D4AEE /* LaunchScreen.storyboard in Resources */,
				6EDF09721BF1695700A1AB0A /* DemoSelector.xib in Resources */,
				6E10FCB61BEE81BF008D4AEE /* Assets.xcassets in Resources */,
			);
			runOnlyForDeploymentPostprocessing = 0;
		};
/* End PBXResourcesBuildPhase section */

/* Begin PBXSourcesBuildPhase section */
		6E10FCA21BEE81BF008D4AEE /* Sources */ = {
			isa = PBXSourcesBuildPhase;
			buildActionMask = 2147483647;
			files = (
				6EDDE4C71BEEA3CE003FA9DC /* BootLogic.m in Sources */,
				6EDDE4C91BEEA3CE003FA9DC /* MainScreen.m in Sources */,
				6EDDE4C81BEEA3CE003FA9DC /* ConsoleScreen.m in Sources */,
				6EDDE4C61BEEA3CE003FA9DC /* AppDelegate.m in Sources */,
				6EF2267F1BF14AFD00FCF78A /* DemoFunction.m in Sources */,
				6EDF09711BF1695700A1AB0A /* DemoSelector.m in Sources */,
				6E10FCAB1BEE81BF008D4AEE /* main.m in Sources */,
			);
			runOnlyForDeploymentPostprocessing = 0;
		};
/* End PBXSourcesBuildPhase section */

/* Begin PBXVariantGroup section */
		6E10FCB71BEE81BF008D4AEE /* LaunchScreen.storyboard */ = {
			isa = PBXVariantGroup;
			children = (
				6E10FCB81BEE81BF008D4AEE /* Base */,
			);
			name = LaunchScreen.storyboard;
			sourceTree = "<group>";
		};
/* End PBXVariantGroup section */

/* Begin XCBuildConfiguration section */
		6E10FCD11BEE81BF008D4AEE /* Debug */ = {
			isa = XCBuildConfiguration;
			buildSettings = {
				ALWAYS_SEARCH_USER_PATHS = NO;
				CLANG_CXX_LANGUAGE_STANDARD = "gnu++0x";
				CLANG_CXX_LIBRARY = "libc++";
				CLANG_ENABLE_MODULES = YES;
				CLANG_ENABLE_OBJC_ARC = YES;
				CLANG_WARN_BOOL_CONVERSION = YES;
				CLANG_WARN_CONSTANT_CONVERSION = YES;
				CLANG_WARN_DIRECT_OBJC_ISA_USAGE = YES_ERROR;
				CLANG_WARN_EMPTY_BODY = YES;
				CLANG_WARN_ENUM_CONVERSION = YES;
				CLANG_WARN_INT_CONVERSION = YES;
				CLANG_WARN_OBJC_ROOT_CLASS = YES_ERROR;
				CLANG_WARN_UNREACHABLE_CODE = YES;
				CLANG_WARN__DUPLICATE_METHOD_MATCH = YES;
				"CODE_SIGN_IDENTITY[sdk=iphoneos*]" = "iPhone Developer";
				COPY_PHASE_STRIP = NO;
				DEBUG_INFORMATION_FORMAT = dwarf;
				ENABLE_STRICT_OBJC_MSGSEND = YES;
				ENABLE_TESTABILITY = YES;
				GCC_C_LANGUAGE_STANDARD = gnu99;
				GCC_DYNAMIC_NO_PIC = NO;
				GCC_NO_COMMON_BLOCKS = YES;
				GCC_OPTIMIZATION_LEVEL = 0;
				GCC_PREPROCESSOR_DEFINITIONS = (
					"DEBUG=1",
					"$(inherited)",
				);
				GCC_WARN_64_TO_32_BIT_CONVERSION = YES;
				GCC_WARN_ABOUT_RETURN_TYPE = YES_ERROR;
				GCC_WARN_UNDECLARED_SELECTOR = YES;
				GCC_WARN_UNINITIALIZED_AUTOS = YES_AGGRESSIVE;
				GCC_WARN_UNUSED_FUNCTION = YES;
				GCC_WARN_UNUSED_VARIABLE = YES;
				IPHONEOS_DEPLOYMENT_TARGET = 8.3;
				MTL_ENABLE_DEBUG_INFO = YES;
				ONLY_ACTIVE_ARCH = YES;
				SDKROOT = iphoneos;
				TARGETED_DEVICE_FAMILY = "1,2";
			};
			name = Debug;
		};
		6E10FCD21BEE81BF008D4AEE /* Release */ = {
			isa = XCBuildConfiguration;
			buildSettings = {
				ALWAYS_SEARCH_USER_PATHS = NO;
				CLANG_CXX_LANGUAGE_STANDARD = "gnu++0x";
				CLANG_CXX_LIBRARY = "libc++";
				CLANG_ENABLE_MODULES = YES;
				CLANG_ENABLE_OBJC_ARC = YES;
				CLANG_WARN_BOOL_CONVERSION = YES;
				CLANG_WARN_CONSTANT_CONVERSION = YES;
				CLANG_WARN_DIRECT_OBJC_ISA_USAGE = YES_ERROR;
				CLANG_WARN_EMPTY_BODY = YES;
				CLANG_WARN_ENUM_CONVERSION = YES;
				CLANG_WARN_INT_CONVERSION = YES;
				CLANG_WARN_OBJC_ROOT_CLASS = YES_ERROR;
				CLANG_WARN_UNREACHABLE_CODE = YES;
				CLANG_WARN__DUPLICATE_METHOD_MATCH = YES;
				"CODE_SIGN_IDENTITY[sdk=iphoneos*]" = "iPhone Developer";
				COPY_PHASE_STRIP = NO;
				DEBUG_INFORMATION_FORMAT = "dwarf-with-dsym";
				ENABLE_NS_ASSERTIONS = NO;
				ENABLE_STRICT_OBJC_MSGSEND = YES;
				GCC_C_LANGUAGE_STANDARD = gnu99;
				GCC_NO_COMMON_BLOCKS = YES;
				GCC_WARN_64_TO_32_BIT_CONVERSION = YES;
				GCC_WARN_ABOUT_RETURN_TYPE = YES_ERROR;
				GCC_WARN_UNDECLARED_SELECTOR = YES;
				GCC_WARN_UNINITIALIZED_AUTOS = YES_AGGRESSIVE;
				GCC_WARN_UNUSED_FUNCTION = YES;
				GCC_WARN_UNUSED_VARIABLE = YES;
				IPHONEOS_DEPLOYMENT_TARGET = 8.3;
				MTL_ENABLE_DEBUG_INFO = NO;
				SDKROOT = iphoneos;
				TARGETED_DEVICE_FAMILY = "1,2";
				VALIDATE_PRODUCT = YES;
			};
			name = Release;
		};
		6E10FCD41BEE81BF008D4AEE /* Debug */ = {
			isa = XCBuildConfiguration;
			buildSettings = {
				ASSETCATALOG_COMPILER_APPICON_NAME = AppIcon;
				INFOPLIST_FILE = OBJCExamples/Info.plist;
				LD_RUNPATH_SEARCH_PATHS = "$(inherited) @executable_path/Frameworks";
				PRODUCT_BUNDLE_IDENTIFIER = tuanvu.OBJCExamples;
				PRODUCT_NAME = "$(TARGET_NAME)";
				TARGETED_DEVICE_FAMILY = 1;
			};
			name = Debug;
		};
		6E10FCD51BEE81BF008D4AEE /* Release */ = {
			isa = XCBuildConfiguration;
			buildSettings = {
				ASSETCATALOG_COMPILER_APPICON_NAME = AppIcon;
				INFOPLIST_FILE = OBJCExamples/Info.plist;
				LD_RUNPATH_SEARCH_PATHS = "$(inherited) @executable_path/Frameworks";
				PRODUCT_BUNDLE_IDENTIFIER = tuanvu.OBJCExamples;
				PRODUCT_NAME = "$(TARGET_NAME)";
				TARGETED_DEVICE_FAMILY = 1;
			};
			name = Release;
		};
/* End XCBuildConfiguration section */

/* Begin XCConfigurationList section */
		6E10FCA11BEE81BF008D4AEE /* Build configuration list for PBXProject "OBJCExamples" */ = {
			isa = XCConfigurationList;
			buildConfigurations = (
				6E10FCD11BEE81BF008D4AEE /* Debug */,
				6E10FCD21BEE81BF008D4AEE /* Release */,
			);
			defaultConfigurationIsVisible = 0;
			defaultConfigurationName = Release;
		};
		6E10FCD31BEE81BF008D4AEE /* Build configuration list for PBXNativeTarget "OBJCExamples" */ = {
			isa = XCConfigurationList;
			buildConfigurations = (
				6E10FCD41BEE81BF008D4AEE /* Debug */,
				6E10FCD51BEE81BF008D4AEE /* Release */,
			);
			defaultConfigurationIsVisible = 0;
			defaultConfigurationName = Release;
		};
/* End XCConfigurationList section */
	};
	rootObject = 6E10FC9E1BEE81BF008D4AEE /* Project object */;
}
